
Microsoft Visual Studio Solution File, Format Version 12.00
# Visual Studio Version 17
VisualStudioVersion = 17.14.36202.13
MinimumVisualStudioVersion = 10.0.40219.1
Project("{FAE04EC0-301F-11D3-BF4B-00C04F79EFBC}") = "PSerilog", "PSerilog\PSerilog.csproj", "{08BFF542-7FFF-4F89-976C-C1DA5AE990BE}"
EndProject
Project("{FAE04EC0-301F-11D3-BF4B-00C04F79EFBC}") = "PNLog", "PNLog\PNLog.csproj", "{5F93F576-FCD2-4274-9346-B7B62EB57C56}"
EndProject
Project("{FAE04EC0-301F-11D3-BF4B-00C04F79EFBC}") = "PSerilogWOInit", "PSerilogWOInit\PSerilogWOInit.csproj", "{AC447838-F629-4B7D-AFF7-B4BAE19CE53D}"
EndProject
Global
	GlobalSection(SolutionConfigurationPlatforms) = preSolution
		Debug|Any CPU = Debug|Any CPU
		Release|Any CPU = Release|Any CPU
	EndGlobalSection
	GlobalSection(ProjectConfigurationPlatforms) = postSolution
		{08BFF542-7FFF-4F89-976C-C1DA5AE990BE}.Debug|Any CPU.ActiveCfg = Debug|Any CPU
		{08BFF542-7FFF-4F89-976C-C1DA5AE990BE}.Debug|Any CPU.Build.0 = Debug|Any CPU
		{08BFF542-7FFF-4F89-976C-C1DA5AE990BE}.Release|Any CPU.ActiveCfg = Release|Any CPU
		{08BFF542-7FFF-4F89-976C-C1DA5AE990BE}.Release|Any CPU.Build.0 = Release|Any CPU
		{5F93F576-FCD2-4274-9346-B7B62EB57C56}.Debug|Any CPU.ActiveCfg = Debug|Any CPU
		{5F93F576-FCD2-4274-9346-B7B62EB57C56}.Debug|Any CPU.Build.0 = Debug|Any CPU
		{5F93F576-FCD2-4274-9346-B7B62EB57C56}.Release|Any CPU.ActiveCfg = Release|Any CPU
		{5F93F576-FCD2-4274-9346-B7B62EB57C56}.Release|Any CPU.Build.0 = Release|Any CPU
		{AC447838-F629-4B7D-AFF7-B4BAE19CE53D}.Debug|Any CPU.ActiveCfg = Debug|Any CPU
		{AC447838-F629-4B7D-AFF7-B4BAE19CE53D}.Debug|Any CPU.Build.0 = Debug|Any CPU
		{AC447838-F629-4B7D-AFF7-B4BAE19CE53D}.Release|Any CPU.ActiveCfg = Release|Any CPU
		{AC447838-F629-4B7D-AFF7-B4BAE19CE53D}.Release|Any CPU.Build.0 = Release|Any CPU
	EndGlobalSection
	GlobalSection(SolutionProperties) = preSolution
		HideSolutionNode = FALSE
	EndGlobalSection
	GlobalSection(ExtensibilityGlobals) = postSolution
		SolutionGuid = {8BAAAD66-778C-4B97-B021-7301B3C3CEB5}
	EndGlobalSection
EndGlobal
